
Microsoft Visual Studio Solution File, Format Version 12.00
# Visual Studio Version 17
VisualStudioVersion = 17.7.34024.191
MinimumVisualStudioVersion = 10.0.40219.1
Project("{FAE04EC0-301F-11D3-BF4B-00C04F79EFBC}") = "panel", "panel.csproj", "{7B6526DE-10B7-44DB-B3A3-A26338AA866D}"
EndProject
Global
	GlobalSection(SolutionConfigurationPlatforms) = preSolution
		Debug|Any CPU = Debug|Any CPU
		Release|Any CPU = Release|Any CPU
	EndGlobalSection
	GlobalSection(ProjectConfigurationPlatforms) = postSolution
		{7B6526DE-10B7-44DB-B3A3-A26338AA866D}.Debug|Any CPU.ActiveCfg = Debug|Any CPU
		{7B6526DE-10B7-44DB-B3A3-A26338AA866D}.Debug|Any CPU.Build.0 = Debug|Any CPU
		{7B6526DE-10B7-44DB-B3A3-A26338AA866D}.Release|Any CPU.ActiveCfg = Release|Any CPU
		{7B6526DE-10B7-44DB-B3A3-A26338AA866D}.Release|Any CPU.Build.0 = Release|Any CPU
	EndGlobalSection
	GlobalSection(SolutionProperties) = preSolution
		HideSolutionNode = FALSE
	EndGlobalSection
	GlobalSection(ExtensibilityGlobals) = postSolution
		SolutionGuid = {1864D04D-B9EB-4D15-93F6-9EF317E9B468}
	EndGlobalSection
EndGlobal
