
Microsoft Visual Studio Solution File, Format Version 12.00
# Visual Studio Version 17
VisualStudioVersion = 17.7.34024.191
MinimumVisualStudioVersion = 10.0.40219.1
Project("{FAE04EC0-301F-11D3-BF4B-00C04F79EFBC}") = "DataBindingExemple", "DataBindingExemple.csproj", "{F7A6300F-083F-4E1F-975F-66A96423D337}"
EndProject
Global
	GlobalSection(SolutionConfigurationPlatforms) = preSolution
		Debug|Any CPU = Debug|Any CPU
		Release|Any CPU = Release|Any CPU
	EndGlobalSection
	GlobalSection(ProjectConfigurationPlatforms) = postSolution
		{F7A6300F-083F-4E1F-975F-66A96423D337}.Debug|Any CPU.ActiveCfg = Debug|Any CPU
		{F7A6300F-083F-4E1F-975F-66A96423D337}.Debug|Any CPU.Build.0 = Debug|Any CPU
		{F7A6300F-083F-4E1F-975F-66A96423D337}.Release|Any CPU.ActiveCfg = Release|Any CPU
		{F7A6300F-083F-4E1F-975F-66A96423D337}.Release|Any CPU.Build.0 = Release|Any CPU
	EndGlobalSection
	GlobalSection(SolutionProperties) = preSolution
		HideSolutionNode = FALSE
	EndGlobalSection
	GlobalSection(ExtensibilityGlobals) = postSolution
		SolutionGuid = {B09E102B-F4FB-451F-AF45-CE57CE80F30A}
	EndGlobalSection
EndGlobal
